
Microsoft Visual Studio Solution File, Format Version 12.00
# Visual Studio Version 17
VisualStudioVersion = 17.2.32519.379
MinimumVisualStudioVersion = 10.0.40219.1
Project("{9A19103F-16F7-4668-BE54-9A1E7A4F7556}") = "FuelQuoteApp_p1", "FuelQuoteApp_p1\FuelQuoteApp_p1.csproj", "{2F7FEA9B-8506-406E-BE25-64F155DCBB9B}"
EndProject
Project("{FAE04EC0-301F-11D3-BF4B-00C04F79EFBC}") = "FuelQuoteApp_p1.Tests", "FuelQuoteApp_p1.Tests\FuelQuoteApp_p1.Tests.csproj", "{3A1FC33E-920F-4F0D-84D1-A69C41F99400}"
EndProject
Project("{FAE04EC0-301F-11D3-BF4B-00C04F79EFBC}") = "FuelQuoteApp_p1.EntModels", "FuelQuoteApp_p1.EntModels\FuelQuoteApp_p1.EntModels.csproj", "{7B18D739-DDAA-4518-B169-BEFDA9C752EB}"
EndProject
Project("{FAE04EC0-301F-11D3-BF4B-00C04F79EFBC}") = "FuelQuoteApp_p1.BusinessLayer", "FuelQuoteApp_p1.BusinessLayer\FuelQuoteApp_p1.BusinessLayer.csproj", "{8F1C0C72-1E6B-4C78-BDC7-579AD6BD98DA}"
EndProject
Global
	GlobalSection(SolutionConfigurationPlatforms) = preSolution
		Debug|Any CPU = Debug|Any CPU
		Release|Any CPU = Release|Any CPU
	EndGlobalSection
	GlobalSection(ProjectConfigurationPlatforms) = postSolution
		{2F7FEA9B-8506-406E-BE25-64F155DCBB9B}.Debug|Any CPU.ActiveCfg = Debug|Any CPU
		{2F7FEA9B-8506-406E-BE25-64F155DCBB9B}.Debug|Any CPU.Build.0 = Debug|Any CPU
		{2F7FEA9B-8506-406E-BE25-64F155DCBB9B}.Release|Any CPU.ActiveCfg = Release|Any CPU
		{2F7FEA9B-8506-406E-BE25-64F155DCBB9B}.Release|Any CPU.Build.0 = Release|Any CPU
		{3A1FC33E-920F-4F0D-84D1-A69C41F99400}.Debug|Any CPU.ActiveCfg = Debug|Any CPU
		{3A1FC33E-920F-4F0D-84D1-A69C41F99400}.Debug|Any CPU.Build.0 = Debug|Any CPU
		{3A1FC33E-920F-4F0D-84D1-A69C41F99400}.Release|Any CPU.ActiveCfg = Release|Any CPU
		{3A1FC33E-920F-4F0D-84D1-A69C41F99400}.Release|Any CPU.Build.0 = Release|Any CPU
		{7B18D739-DDAA-4518-B169-BEFDA9C752EB}.Debug|Any CPU.ActiveCfg = Debug|Any CPU
		{7B18D739-DDAA-4518-B169-BEFDA9C752EB}.Debug|Any CPU.Build.0 = Debug|Any CPU
		{7B18D739-DDAA-4518-B169-BEFDA9C752EB}.Release|Any CPU.ActiveCfg = Release|Any CPU
		{7B18D739-DDAA-4518-B169-BEFDA9C752EB}.Release|Any CPU.Build.0 = Release|Any CPU
		{8F1C0C72-1E6B-4C78-BDC7-579AD6BD98DA}.Debug|Any CPU.ActiveCfg = Debug|Any CPU
		{8F1C0C72-1E6B-4C78-BDC7-579AD6BD98DA}.Debug|Any CPU.Build.0 = Debug|Any CPU
		{8F1C0C72-1E6B-4C78-BDC7-579AD6BD98DA}.Release|Any CPU.ActiveCfg = Release|Any CPU
		{8F1C0C72-1E6B-4C78-BDC7-579AD6BD98DA}.Release|Any CPU.Build.0 = Release|Any CPU
	EndGlobalSection
	GlobalSection(SolutionProperties) = preSolution
		HideSolutionNode = FALSE
	EndGlobalSection
	GlobalSection(ExtensibilityGlobals) = postSolution
		SolutionGuid = {9B5642AF-F70D-4C86-8876-C152A7ED0A35}
	EndGlobalSection
EndGlobal
